
Microsoft Visual Studio Solution File, Format Version 12.00
# Visual Studio Version 16
VisualStudioVersion = 16.0.29905.134
MinimumVisualStudioVersion = 10.0.40219.1
Project("{FAE04EC0-301F-11D3-BF4B-00C04F79EFBC}") = "IntroTDD", "IntroTDD\IntroTDD.csproj", "{6A762940-A356-481E-B0FF-A9D52286363F}"
EndProject
Project("{FAE04EC0-301F-11D3-BF4B-00C04F79EFBC}") = "TestIntroTDD", "IntroTDD\TestIntroTDD\TestIntroTDD.csproj", "{44AE7A2B-748B-425A-8FFC-465FADC36B6B}"
EndProject
Global
	GlobalSection(SolutionConfigurationPlatforms) = preSolution
		Debug|Any CPU = Debug|Any CPU
		Release|Any CPU = Release|Any CPU
	EndGlobalSection
	GlobalSection(ProjectConfigurationPlatforms) = postSolution
		{6A762940-A356-481E-B0FF-A9D52286363F}.Debug|Any CPU.ActiveCfg = Debug|Any CPU
		{6A762940-A356-481E-B0FF-A9D52286363F}.Debug|Any CPU.Build.0 = Debug|Any CPU
		{6A762940-A356-481E-B0FF-A9D52286363F}.Release|Any CPU.ActiveCfg = Release|Any CPU
		{6A762940-A356-481E-B0FF-A9D52286363F}.Release|Any CPU.Build.0 = Release|Any CPU
		{44AE7A2B-748B-425A-8FFC-465FADC36B6B}.Debug|Any CPU.ActiveCfg = Debug|Any CPU
		{44AE7A2B-748B-425A-8FFC-465FADC36B6B}.Debug|Any CPU.Build.0 = Debug|Any CPU
		{44AE7A2B-748B-425A-8FFC-465FADC36B6B}.Release|Any CPU.ActiveCfg = Release|Any CPU
		{44AE7A2B-748B-425A-8FFC-465FADC36B6B}.Release|Any CPU.Build.0 = Release|Any CPU
	EndGlobalSection
	GlobalSection(SolutionProperties) = preSolution
		HideSolutionNode = FALSE
	EndGlobalSection
	GlobalSection(ExtensibilityGlobals) = postSolution
		SolutionGuid = {4A5D4654-2E41-44E2-81C4-9D8501EC7B0B}
	EndGlobalSection
EndGlobal
