
Microsoft Visual Studio Solution File, Format Version 12.00
# Visual Studio Version 16
VisualStudioVersion = 16.0.29905.134
MinimumVisualStudioVersion = 10.0.40219.1
Project("{FAE04EC0-301F-11D3-BF4B-00C04F79EFBC}") = "EncapsuleMe", "src\EncapsuleMe.csproj", "{C7967AC7-EA58-411A-A98A-29170EDCE946}"
EndProject
Global
	GlobalSection(SolutionConfigurationPlatforms) = preSolution
		Debug|Any CPU = Debug|Any CPU
		Release|Any CPU = Release|Any CPU
	EndGlobalSection
	GlobalSection(ProjectConfigurationPlatforms) = postSolution
		{C7967AC7-EA58-411A-A98A-29170EDCE946}.Debug|Any CPU.ActiveCfg = Debug|Any CPU
		{C7967AC7-EA58-411A-A98A-29170EDCE946}.Debug|Any CPU.Build.0 = Debug|Any CPU
		{C7967AC7-EA58-411A-A98A-29170EDCE946}.Release|Any CPU.ActiveCfg = Release|Any CPU
		{C7967AC7-EA58-411A-A98A-29170EDCE946}.Release|Any CPU.Build.0 = Release|Any CPU
	EndGlobalSection
	GlobalSection(SolutionProperties) = preSolution
		HideSolutionNode = FALSE
	EndGlobalSection
	GlobalSection(ExtensibilityGlobals) = postSolution
		SolutionGuid = {FF2721D2-91C0-433E-A7F3-AFC7B4D88827}
	EndGlobalSection
EndGlobal
